
Microsoft Visual Studio Solution File, Format Version 12.00
# Visual Studio Version 16
VisualStudioVersion = 16.0.31702.278
MinimumVisualStudioVersion = 10.0.40219.1
Project("{FAE04EC0-301F-11D3-BF4B-00C04F79EFBC}") = "Static, extension", "Static, extension\Static, extension.csproj", "{8C9FA4F3-2344-45AA-9648-1EF43E04EFF2}"
EndProject
Global
	GlobalSection(SolutionConfigurationPlatforms) = preSolution
		Debug|Any CPU = Debug|Any CPU
		Release|Any CPU = Release|Any CPU
	EndGlobalSection
	GlobalSection(ProjectConfigurationPlatforms) = postSolution
		{8C9FA4F3-2344-45AA-9648-1EF43E04EFF2}.Debug|Any CPU.ActiveCfg = Debug|Any CPU
		{8C9FA4F3-2344-45AA-9648-1EF43E04EFF2}.Debug|Any CPU.Build.0 = Debug|Any CPU
		{8C9FA4F3-2344-45AA-9648-1EF43E04EFF2}.Release|Any CPU.ActiveCfg = Release|Any CPU
		{8C9FA4F3-2344-45AA-9648-1EF43E04EFF2}.Release|Any CPU.Build.0 = Release|Any CPU
	EndGlobalSection
	GlobalSection(SolutionProperties) = preSolution
		HideSolutionNode = FALSE
	EndGlobalSection
	GlobalSection(ExtensibilityGlobals) = postSolution
		SolutionGuid = {AB02CFF5-0C6B-4942-861B-300F2ADF50A5}
	EndGlobalSection
EndGlobal
